
Microsoft Visual Studio Solution File, Format Version 12.00
# Visual Studio Version 16
VisualStudioVersion = 16.0.28803.352
MinimumVisualStudioVersion = 10.0.40219.1
Project("{FAE04EC0-301F-11D3-BF4B-00C04F79EFBC}") = "AradAutoMogura", "AradAutoMogura\AradAutoMogura.csproj", "{104F7126-BED5-45ED-AE4C-155439D75027}"
EndProject
Global
	GlobalSection(SolutionConfigurationPlatforms) = preSolution
		Debug|Any CPU = Debug|Any CPU
		Release|Any CPU = Release|Any CPU
	EndGlobalSection
	GlobalSection(ProjectConfigurationPlatforms) = postSolution
		{104F7126-BED5-45ED-AE4C-155439D75027}.Debug|Any CPU.ActiveCfg = Debug|Any CPU
		{104F7126-BED5-45ED-AE4C-155439D75027}.Debug|Any CPU.Build.0 = Debug|Any CPU
		{104F7126-BED5-45ED-AE4C-155439D75027}.Release|Any CPU.ActiveCfg = Release|Any CPU
		{104F7126-BED5-45ED-AE4C-155439D75027}.Release|Any CPU.Build.0 = Release|Any CPU
	EndGlobalSection
	GlobalSection(SolutionProperties) = preSolution
		HideSolutionNode = FALSE
	EndGlobalSection
	GlobalSection(ExtensibilityGlobals) = postSolution
		SolutionGuid = {FA620568-8448-4FD4-88EE-4AF8151A078F}
	EndGlobalSection
EndGlobal
